
Microsoft Visual Studio Solution File, Format Version 12.00
# Visual Studio Version 17
VisualStudioVersion = 17.6.33723.286
MinimumVisualStudioVersion = 10.0.40219.1
Project("{FAE04EC0-301F-11D3-BF4B-00C04F79EFBC}") = "numberGuessingGame2", "numberGuessingGame2.csproj", "{8D1304E1-341D-4716-99E2-D42A4700FF2A}"
EndProject
Global
	GlobalSection(SolutionConfigurationPlatforms) = preSolution
		Debug|Any CPU = Debug|Any CPU
		Release|Any CPU = Release|Any CPU
	EndGlobalSection
	GlobalSection(ProjectConfigurationPlatforms) = postSolution
		{8D1304E1-341D-4716-99E2-D42A4700FF2A}.Debug|Any CPU.ActiveCfg = Debug|Any CPU
		{8D1304E1-341D-4716-99E2-D42A4700FF2A}.Debug|Any CPU.Build.0 = Debug|Any CPU
		{8D1304E1-341D-4716-99E2-D42A4700FF2A}.Release|Any CPU.ActiveCfg = Release|Any CPU
		{8D1304E1-341D-4716-99E2-D42A4700FF2A}.Release|Any CPU.Build.0 = Release|Any CPU
	EndGlobalSection
	GlobalSection(SolutionProperties) = preSolution
		HideSolutionNode = FALSE
	EndGlobalSection
	GlobalSection(ExtensibilityGlobals) = postSolution
		SolutionGuid = {D1D04038-5C51-4ACA-AFD3-98C34FAB2D55}
	EndGlobalSection
EndGlobal
